github.com/davecgh/go-spew v1.1.0/go.mod h1:J7Y8YcW2NihsgmVo/mv3lAwl/skON4iLHjSsI+c5H38=
github.com/mochi-co/kana-tools v1.1.0 h1:CrMLgiHuI/edj0XznHqlk0uYNCM53UmQfv97WKaUWMo=
github.com/mochi-co/kana-tools v1.1.0/go.mod h1:oGanjNn85gruPrIMLL6Z06cSm3VxJIP6yfpP5IuSPYw=
github.com/mozillazg/go-pinyin v0.20.0 h1:BtR3DsxpApHfKReaPO1fCqF4pThRwH9uwvXzm+GnMFQ=
github.com/mozillazg/go-pinyin v0.20.0/go.mod h1:iR4EnMMRXkfpFVV5FMi4FNB6wGq9NV6uDWbUuPhP4Yc=
github.com/pmezard/go-difflib v1.0.0/go.mod h1:iKH77koFhYxTK1pcRnkKkqfTogsbg7gZNVY4sRDYZ/4=
github.com/srevinsaju/korean-romanizer-go v0.0.2 h1:Xc+GCkvVfqJrUB0j6s39qfakIn7T2X6Oz7P2EczJ3S4=
github.com/srevinsaju/korean-romanizer-go v0.0.2/go.mod h1:dD9s180Mch0duPNbmRRaHVwJ8zbvdw8r3keT3IcLHYs=
github.com/stretchr/objx v0.1.0/go.mod h1:HFkY916IF+rwdDfMAkV7OtwuqBVzrE8GR6GFx+wExME=
github.com/stretchr/testify v1.7.0/go.mod h1:6Fq8oRcR53rry900zMqJjRRixrwX3KX962/h/Wwjteg=
gopkg.in/check.v1 v0.0.0-20161208181325-20d25e280405/go.mod h1:Co6ibVJAznAaIkqp8huTwlJQCZ016jof/cbN4VW5Yz0=
gopkg.in/yaml.v3 v3.0.0-20200313102051-9f266ea9e77c/go.mod h1:K4uyk7z7BCEPqu6E+C64Yfv1cQ7kz7rIZviUmN+EgEM=
